
Microsoft Visual Studio Solution File, Format Version 12.00
# Visual Studio 15
VisualStudioVersion = 15.0.28307.572
MinimumVisualStudioVersion = 10.0.40219.1
Project("{2150E333-8FDC-42A3-9474-1A3956D46DE8}") = "creational", "creational", "{7BA153FF-ADA6-4862-A78E-76D39619C3F3}"
EndProject
Project("{FAE04EC0-301F-11D3-BF4B-00C04F79EFBC}") = "DesignPatterns.Builder", "DesignPatterns.Builder\DesignPatterns.Builder.csproj", "{A111884A-605D-48D9-9945-6EC5B34A30BD}"
EndProject
Project("{FAE04EC0-301F-11D3-BF4B-00C04F79EFBC}") = "DesignPatterns.Factories", "DesignPatterns.Factories\DesignPatterns.Factories.csproj", "{32A14C95-0B9C-4077-8059-D042CAFFE066}"
EndProject
Project("{2150E333-8FDC-42A3-9474-1A3956D46DE8}") = "structural", "structural", "{AB155A38-0805-4FA7-A48D-042B3EE07F13}"
EndProject
Project("{2150E333-8FDC-42A3-9474-1A3956D46DE8}") = "behavioral", "behavioral", "{CE380FE1-0403-4A6C-AE75-43CCDE79BE3D}"
EndProject
Global
	GlobalSection(SolutionConfigurationPlatforms) = preSolution
		Debug|Any CPU = Debug|Any CPU
		Release|Any CPU = Release|Any CPU
	EndGlobalSection
	GlobalSection(ProjectConfigurationPlatforms) = postSolution
		{A111884A-605D-48D9-9945-6EC5B34A30BD}.Debug|Any CPU.ActiveCfg = Debug|Any CPU
		{A111884A-605D-48D9-9945-6EC5B34A30BD}.Debug|Any CPU.Build.0 = Debug|Any CPU
		{A111884A-605D-48D9-9945-6EC5B34A30BD}.Release|Any CPU.ActiveCfg = Release|Any CPU
		{A111884A-605D-48D9-9945-6EC5B34A30BD}.Release|Any CPU.Build.0 = Release|Any CPU
		{32A14C95-0B9C-4077-8059-D042CAFFE066}.Debug|Any CPU.ActiveCfg = Debug|Any CPU
		{32A14C95-0B9C-4077-8059-D042CAFFE066}.Debug|Any CPU.Build.0 = Debug|Any CPU
		{32A14C95-0B9C-4077-8059-D042CAFFE066}.Release|Any CPU.ActiveCfg = Release|Any CPU
		{32A14C95-0B9C-4077-8059-D042CAFFE066}.Release|Any CPU.Build.0 = Release|Any CPU
	EndGlobalSection
	GlobalSection(SolutionProperties) = preSolution
		HideSolutionNode = FALSE
	EndGlobalSection
	GlobalSection(NestedProjects) = preSolution
		{A111884A-605D-48D9-9945-6EC5B34A30BD} = {7BA153FF-ADA6-4862-A78E-76D39619C3F3}
		{32A14C95-0B9C-4077-8059-D042CAFFE066} = {7BA153FF-ADA6-4862-A78E-76D39619C3F3}
	EndGlobalSection
	GlobalSection(ExtensibilityGlobals) = postSolution
		SolutionGuid = {DD2116C9-52B9-4F7A-877A-A7FCD9443DF9}
	EndGlobalSection
EndGlobal
